
Microsoft Visual Studio Solution File, Format Version 12.00
# Visual Studio Version 17
VisualStudioVersion = 17.5.002.0
MinimumVisualStudioVersion = 10.0.40219.1
Project("{9A19103F-16F7-4668-BE54-9A1E7A4F7556}") = "Dotnet", "Dotnet.csproj", "{B2B75227-0F03-487A-A8A0-9CF142809180}"
EndProject
Global
	GlobalSection(SolutionConfigurationPlatforms) = preSolution
		Debug|Any CPU = Debug|Any CPU
		Release|Any CPU = Release|Any CPU
	EndGlobalSection
	GlobalSection(ProjectConfigurationPlatforms) = postSolution
		{B2B75227-0F03-487A-A8A0-9CF142809180}.Debug|Any CPU.ActiveCfg = Debug|Any CPU
		{B2B75227-0F03-487A-A8A0-9CF142809180}.Debug|Any CPU.Build.0 = Debug|Any CPU
		{B2B75227-0F03-487A-A8A0-9CF142809180}.Release|Any CPU.ActiveCfg = Release|Any CPU
		{B2B75227-0F03-487A-A8A0-9CF142809180}.Release|Any CPU.Build.0 = Release|Any CPU
	EndGlobalSection
	GlobalSection(SolutionProperties) = preSolution
		HideSolutionNode = FALSE
	EndGlobalSection
	GlobalSection(ExtensibilityGlobals) = postSolution
		SolutionGuid = {0CAF4970-8F8A-4E00-9C03-AD45EE4498C7}
	EndGlobalSection
EndGlobal
